
Microsoft Visual Studio Solution File, Format Version 12.00
# Visual Studio 15
VisualStudioVersion = 15.0.28307.102
MinimumVisualStudioVersion = 10.0.40219.1
Project("{FAE04EC0-301F-11D3-BF4B-00C04F79EFBC}") = "PruebasVM", "PruebasVM\PruebasVM.csproj", "{4295B12F-F615-4E02-9528-6E9D33EAC988}"
EndProject
Global
	GlobalSection(SolutionConfigurationPlatforms) = preSolution
		Debug|Any CPU = Debug|Any CPU
		Release|Any CPU = Release|Any CPU
	EndGlobalSection
	GlobalSection(ProjectConfigurationPlatforms) = postSolution
		{4295B12F-F615-4E02-9528-6E9D33EAC988}.Debug|Any CPU.ActiveCfg = Debug|Any CPU
		{4295B12F-F615-4E02-9528-6E9D33EAC988}.Debug|Any CPU.Build.0 = Debug|Any CPU
		{4295B12F-F615-4E02-9528-6E9D33EAC988}.Release|Any CPU.ActiveCfg = Release|Any CPU
		{4295B12F-F615-4E02-9528-6E9D33EAC988}.Release|Any CPU.Build.0 = Release|Any CPU
	EndGlobalSection
	GlobalSection(SolutionProperties) = preSolution
		HideSolutionNode = FALSE
	EndGlobalSection
	GlobalSection(ExtensibilityGlobals) = postSolution
		SolutionGuid = {98CAD9DE-F1B1-49DA-A06F-46C836CB7928}
	EndGlobalSection
EndGlobal
